// !$*UTF8*$!
{
	archiveVersion = 1;
	classes = {
	};
	objectVersion = 46;
	objects = {

/* Begin PBXBuildFile section */
		F4E25C861E9B186C006AFFC1 /* main.m in Sources */ = {isa = PBXBuildFile; fileRef = F4E25C851E9B186C006AFFC1 /* main.m */; };
		F4E25C891E9B186C006AFFC1 /* AppDelegate.m in Sources */ = {isa = PBXBuildFile; fileRef = F4E25C881E9B186C006AFFC1 /* AppDelegate.m */; };
		F4E25C8C1E9B186C006AFFC1 /* ViewController.m in Sources */ = {isa = PBXBuildFile; fileRef = F4E25C8B1E9B186C006AFFC1 /* ViewController.m */; };
		F4E25C8F1E9B186C006AFFC1 /* Main.storyboard in Resources */ = {isa = PBXBuildFile; fileRef = F4E25C8D1E9B186C006AFFC1 /* Main.storyboard */; };
		F4E25C911E9B186C006AFFC1 /* Assets.xcassets in Resources */ = {isa = PBXBuildFile; fileRef = F4E25C901E9B186C006AFFC1 /* Assets.xcassets */; };
		F4E25C941E9B186C006AFFC1 /* LaunchScreen.storyboard in Resources */ = {isa = PBXBuildFile; fileRef = F4E25C921E9B186C006AFFC1 /* LaunchScreen.storyboard */; };
		F4E25C9F1E9B186C006AFFC1 /* YuLeProjectTests.m in Sources */ = {isa = PBXBuildFile; fileRef = F4E25C9E1E9B186C006AFFC1 /* YuLeProjectTests.m */; };
		F4E25CAA1E9B186C006AFFC1 /* YuLeProjectUITests.m in Sources */ = {isa = PBXBuildFile; fileRef = F4E25CA91E9B186C006AFFC1 /* YuLeProjectUITests.m */; };
/* End PBXBuildFile section */

/* Begin PBXContainerItemProxy section */
		F4E25C9B1E9B186C006AFFC1 /* PBXContainerItemProxy */ = {
			isa = PBXContainerItemProxy;
			containerPortal = F4E25C791E9B186C006AFFC1 /* Project object */;
			proxyType = 1;
			remoteGlobalIDString = F4E25C801E9B186C006AFFC1;
			remoteInfo = YuLeProject;
		};
		F4E25CA61E9B186C006AFFC1 /* PBXContainerItemProxy */ = {
			isa = PBXContainerItemProxy;
			containerPortal = F4E25C791E9B186C006AFFC1 /* Project object */;
			proxyType = 1;
			remoteGlobalIDString = F4E25C801E9B186C006AFFC1;
			remoteInfo = YuLeProject;
		};
		F4E262F41E9B18AD006AFFC1 /* PBXContainerItemProxy */ = {
			isa = PBXContainerItemProxy;
			containerPortal = F4E262F01E9B18AD006AFFC1 /* NIMKit.xcodeproj */;
			proxyType = 2;
			remoteGlobalIDString = 6187F91F1B818ED800EFFB3A;
			remoteInfo = NIMKit;
		};
/* End PBXContainerItemProxy section */

/* Begin PBXFileReference section */
		F4E25C811E9B186C006AFFC1 /* YuLeProject.app */ = {isa = PBXFileReference; explicitFileType = wrapper.application; includeInIndex = 0; path = YuLeProject.app; sourceTree = BUILT_PRODUCTS_DIR; };
		F4E25C851E9B186C006AFFC1 /* main.m */ = {isa = PBXFileReference; lastKnownFileType = sourcecode.c.objc; path = main.m; sourceTree = "<group>"; };
		F4E25C871E9B186C006AFFC1 /* AppDelegate.h */ = {isa = PBXFileReference; lastKnownFileType = sourcecode.c.h; path = AppDelegate.h; sourceTree = "<group>"; };
		F4E25C881E9B186C006AFFC1 /* AppDelegate.m */ = {isa = PBXFileReference; lastKnownFileType = sourcecode.c.objc; path = AppDelegate.m; sourceTree = "<group>"; };
		F4E25C8A1E9B186C006AFFC1 /* ViewController.h */ = {isa = PBXFileReference; lastKnownFileType = sourcecode.c.h; path = ViewController.h; sourceTree = "<group>"; };
		F4E25C8B1E9B186C006AFFC1 /* ViewController.m */ = {isa = PBXFileReference; lastKnownFileType = sourcecode.c.objc; path = ViewController.m; sourceTree = "<group>"; };
		F4E25C8E1E9B186C006AFFC1 /* Base */ = {isa = PBXFileReference; lastKnownFileType = file.storyboard; name = Base; path = Base.lproj/Main.storyboard; sourceTree = "<group>"; };
		F4E25C901E9B186C006AFFC1 /* Assets.xcassets */ = {isa = PBXFileReference; lastKnownFileType = folder.assetcatalog; path = Assets.xcassets; sourceTree = "<group>"; };
		F4E25C931E9B186C006AFFC1 /* Base */ = {isa = PBXFileReference; lastKnownFileType = file.storyboard; name = Base; path = Base.lproj/LaunchScreen.storyboard; sourceTree = "<group>"; };
		F4E25C951E9B186C006AFFC1 /* Info.plist */ = {isa = PBXFileReference; lastKnownFileType = text.plist.xml; path = Info.plist; sourceTree = "<group>"; };
		F4E25C9A1E9B186C006AFFC1 /* YuLeProjectTests.xctest */ = {isa = PBXFileReference; explicitFileType = wrapper.cfbundle; includeInIndex = 0; path = YuLeProjectTests.xctest; sourceTree = BUILT_PRODUCTS_DIR; };
		F4E25C9E1E9B186C006AFFC1 /* YuLeProjectTests.m */ = {isa = PBXFileReference; lastKnownFileType = sourcecode.c.objc; path = YuLeProjectTests.m; sourceTree = "<group>"; };
		F4E25CA01E9B186C006AFFC1 /* Info.plist */ = {isa = PBXFileReference; lastKnownFileType = text.plist.xml; path = Info.plist; sourceTree = "<group>"; };
		F4E25CA51E9B186C006AFFC1 /* YuLeProjectUITests.xctest */ = {isa = PBXFileReference; explicitFileType = wrapper.cfbundle; includeInIndex = 0; path = YuLeProjectUITests.xctest; sourceTree = BUILT_PRODUCTS_DIR; };
		F4E25CA91E9B186C006AFFC1 /* YuLeProjectUITests.m */ = {isa = PBXFileReference; lastKnownFileType = sourcecode.c.objc; path = YuLeProjectUITests.m; sourceTree = "<group>"; };
		F4E25CAB1E9B186C006AFFC1 /* Info.plist */ = {isa = PBXFileReference; lastKnownFileType = text.plist.xml; path = Info.plist; sourceTree = "<group>"; };
		F4E262F01E9B18AD006AFFC1 /* NIMKit.xcodeproj */ = {isa = PBXFileReference; lastKnownFileType = "wrapper.pb-project"; name = NIMKit.xcodeproj; path = ../../../../Downloads/NIM_iOS_Demo_v3.5.5/NIMKit/NIMKit.xcodeproj; sourceTree = "<group>"; };
/* End PBXFileReference section */

/* Begin PBXFrameworksBuildPhase section */
		F4E25C7E1E9B186C006AFFC1 /* Frameworks */ = {
			isa = PBXFrameworksBuildPhase;
			buildActionMask = 2147483647;
			files = (
			);
			runOnlyForDeploymentPostprocessing = 0;
		};
		F4E25C971E9B186C006AFFC1 /* Frameworks */ = {
			isa = PBXFrameworksBuildPhase;
			buildActionMask = 2147483647;
			files = (
			);
			runOnlyForDeploymentPostprocessing = 0;
		};
		F4E25CA21E9B186C006AFFC1 /* Frameworks */ = {
			isa = PBXFrameworksBuildPhase;
			buildActionMask = 2147483647;
			files = (
			);
			runOnlyForDeploymentPostprocessing = 0;
		};
/* End PBXFrameworksBuildPhase section */

/* Begin PBXGroup section */
		F4E25C781E9B186C006AFFC1 = {
			isa = PBXGroup;
			children = (
				F4E262F01E9B18AD006AFFC1 /* NIMKit.xcodeproj */,
				F4E25C831E9B186C006AFFC1 /* YuLeProject */,
				F4E25C9D1E9B186C006AFFC1 /* YuLeProjectTests */,
				F4E25CA81E9B186C006AFFC1 /* YuLeProjectUITests */,
				F4E25C821E9B186C006AFFC1 /* Products */,
			);
			sourceTree = "<group>";
		};
		F4E25C821E9B186C006AFFC1 /* Products */ = {
			isa = PBXGroup;
			children = (
				F4E25C811E9B186C006AFFC1 /* YuLeProject.app */,
				F4E25C9A1E9B186C006AFFC1 /* YuLeProjectTests.xctest */,
				F4E25CA51E9B186C006AFFC1 /* YuLeProjectUITests.xctest */,
			);
			name = Products;
			sourceTree = "<group>";
		};
		F4E25C831E9B186C006AFFC1 /* YuLeProject */ = {
			isa = PBXGroup;
			children = (
				F4E25C871E9B186C006AFFC1 /* AppDelegate.h */,
				F4E25C881E9B186C006AFFC1 /* AppDelegate.m */,
				F4E25C8A1E9B186C006AFFC1 /* ViewController.h */,
				F4E25C8B1E9B186C006AFFC1 /* ViewController.m */,
				F4E25C8D1E9B186C006AFFC1 /* Main.storyboard */,
				F4E25C901E9B186C006AFFC1 /* Assets.xcassets */,
				F4E25C921E9B186C006AFFC1 /* LaunchScreen.storyboard */,
				F4E25C951E9B186C006AFFC1 /* Info.plist */,
				F4E25C841E9B186C006AFFC1 /* Supporting Files */,
			);
			path = YuLeProject;
			sourceTree = "<group>";
		};
		F4E25C841E9B186C006AFFC1 /* Supporting Files */ = {
			isa = PBXGroup;
			children = (
				F4E25C851E9B186C006AFFC1 /* main.m */,
			);
			name = "Supporting Files";
			sourceTree = "<group>";
		};
		F4E25C9D1E9B186C006AFFC1 /* YuLeProjectTests */ = {
			isa = PBXGroup;
			children = (
				F4E25C9E1E9B186C006AFFC1 /* YuLeProjectTests.m */,
				F4E25CA01E9B186C006AFFC1 /* Info.plist */,
			);
			path = YuLeProjectTests;
			sourceTree = "<group>";
		};
		F4E25CA81E9B186C006AFFC1 /* YuLeProjectUITests */ = {
			isa = PBXGroup;
			children = (
				F4E25CA91E9B186C006AFFC1 /* YuLeProjectUITests.m */,
				F4E25CAB1E9B186C006AFFC1 /* Info.plist */,
			);
			path = YuLeProjectUITests;
			sourceTree = "<group>";
		};
		F4E262F11E9B18AD006AFFC1 /* Products */ = {
			isa = PBXGroup;
			children = (
				F4E262F51E9B18AD006AFFC1 /* libNIMKit.a */,
			);
			name = Products;
			sourceTree = "<group>";
		};
/* End PBXGroup section */

/* Begin PBXNativeTarget section */
		F4E25C801E9B186C006AFFC1 /* YuLeProject */ = {
			isa = PBXNativeTarget;
			buildConfigurationList = F4E25CAE1E9B186C006AFFC1 /* Build configuration list for PBXNativeTarget "YuLeProject" */;
			buildPhases = (
				F4E25C7D1E9B186C006AFFC1 /* Sources */,
				F4E25C7E1E9B186C006AFFC1 /* Frameworks */,
				F4E25C7F1E9B186C006AFFC1 /* Resources */,
			);
			buildRules = (
			);
			dependencies = (
			);
			name = YuLeProject;
			productName = YuLeProject;
			productReference = F4E25C811E9B186C006AFFC1 /* YuLeProject.app */;
			productType = "com.apple.product-type.application";
		};
		F4E25C991E9B186C006AFFC1 /* YuLeProjectTests */ = {
			isa = PBXNativeTarget;
			buildConfigurationList = F4E25CB11E9B186C006AFFC1 /* Build configuration list for PBXNativeTarget "YuLeProjectTests" */;
			buildPhases = (
				F4E25C961E9B186C006AFFC1 /* Sources */,
				F4E25C971E9B186C006AFFC1 /* Frameworks */,
				F4E25C981E9B186C006AFFC1 /* Resources */,
			);
			buildRules = (
			);
			dependencies = (
				F4E25C9C1E9B186C006AFFC1 /* PBXTargetDependency */,
			);
			name = YuLeProjectTests;
			productName = YuLeProjectTests;
			productReference = F4E25C9A1E9B186C006AFFC1 /* YuLeProjectTests.xctest */;
			productType = "com.apple.product-type.bundle.unit-test";
		};
		F4E25CA41E9B186C006AFFC1 /* YuLeProjectUITests */ = {
			isa = PBXNativeTarget;
			buildConfigurationList = F4E25CB41E9B186C006AFFC1 /* Build configuration list for PBXNativeTarget "YuLeProjectUITests" */;
			buildPhases = (
				F4E25CA11E9B186C006AFFC1 /* Sources */,
				F4E25CA21E9B186C006AFFC1 /* Frameworks */,
				F4E25CA31E9B186C006AFFC1 /* Resources */,
			);
			buildRules = (
			);
			dependencies = (
				F4E25CA71E9B186C006AFFC1 /* PBXTargetDependency */,
			);
			name = YuLeProjectUITests;
			productName = YuLeProjectUITests;
			productReference = F4E25CA51E9B186C006AFFC1 /* YuLeProjectUITests.xctest */;
			productType = "com.apple.product-type.bundle.ui-testing";
		};
/* End PBXNativeTarget section */

/* Begin PBXProject section */
		F4E25C791E9B186C006AFFC1 /* Project object */ = {
			isa = PBXProject;
			attributes = {
				LastUpgradeCheck = 0830;
				ORGANIZATIONNAME = "刘润东";
				TargetAttributes = {
					F4E25C801E9B186C006AFFC1 = {
						CreatedOnToolsVersion = 8.3;
						DevelopmentTeam = 59T78NTKCZ;
						ProvisioningStyle = Automatic;
					};
					F4E25C991E9B186C006AFFC1 = {
						CreatedOnToolsVersion = 8.3;
						ProvisioningStyle = Automatic;
						TestTargetID = F4E25C801E9B186C006AFFC1;
					};
					F4E25CA41E9B186C006AFFC1 = {
						CreatedOnToolsVersion = 8.3;
						ProvisioningStyle = Automatic;
						TestTargetID = F4E25C801E9B186C006AFFC1;
					};
				};
			};
			buildConfigurationList = F4E25C7C1E9B186C006AFFC1 /* Build configuration list for PBXProject "YuLeProject" */;
			compatibilityVersion = "Xcode 3.2";
			developmentRegion = English;
			hasScannedForEncodings = 0;
			knownRegions = (
				en,
				Base,
			);
			mainGroup = F4E25C781E9B186C006AFFC1;
			productRefGroup = F4E25C821E9B186C006AFFC1 /* Products */;
			projectDirPath = "";
			projectReferences = (
				{
					ProductGroup = F4E262F11E9B18AD006AFFC1 /* Products */;
					ProjectRef = F4E262F01E9B18AD006AFFC1 /* NIMKit.xcodeproj */;
				},
			);
			projectRoot = "";
			targets = (
				F4E25C801E9B186C006AFFC1 /* YuLeProject */,
				F4E25C991E9B186C006AFFC1 /* YuLeProjectTests */,
				F4E25CA41E9B186C006AFFC1 /* YuLeProjectUITests */,
			);
		};
/* End PBXProject section */

/* Begin PBXReferenceProxy section */
		F4E262F51E9B18AD006AFFC1 /* libNIMKit.a */ = {
			isa = PBXReferenceProxy;
			fileType = archive.ar;
			path = libNIMKit.a;
			remoteRef = F4E262F41E9B18AD006AFFC1 /* PBXContainerItemProxy */;
			sourceTree = BUILT_PRODUCTS_DIR;
		};
/* End PBXReferenceProxy section */

/* Begin PBXResourcesBuildPhase section */
		F4E25C7F1E9B186C006AFFC1 /* Resources */ = {
			isa = PBXResourcesBuildPhase;
			buildActionMask = 2147483647;
			files = (
				F4E25C941E9B186C006AFFC1 /* LaunchScreen.storyboard in Resources */,
				F4E25C911E9B186C006AFFC1 /* Assets.xcassets in Resources */,
				F4E25C8F1E9B186C006AFFC1 /* Main.storyboard in Resources */,
			);
			runOnlyForDeploymentPostprocessing = 0;
		};
		F4E25C981E9B186C006AFFC1 /* Resources */ = {
			isa = PBXResourcesBuildPhase;
			buildActionMask = 2147483647;
			files = (
			);
			runOnlyForDeploymentPostprocessing = 0;
		};
		F4E25CA31E9B186C006AFFC1 /* Resources */ = {
			isa = PBXResourcesBuildPhase;
			buildActionMask = 2147483647;
			files = (
			);
			runOnlyForDeploymentPostprocessing = 0;
		};
/* End PBXResourcesBuildPhase section */

/* Begin PBXSourcesBuildPhase section */
		F4E25C7D1E9B186C006AFFC1 /* Sources */ = {
			isa = PBXSourcesBuildPhase;
			buildActionMask = 2147483647;
			files = (
				F4E25C8C1E9B186C006AFFC1 /* ViewController.m in Sources */,
				F4E25C891E9B186C006AFFC1 /* AppDelegate.m in Sources */,
				F4E25C861E9B186C006AFFC1 /* main.m in Sources */,
			);
			runOnlyForDeploymentPostprocessing = 0;
		};
		F4E25C961E9B186C006AFFC1 /* Sources */ = {
			isa = PBXSourcesBuildPhase;
			buildActionMask = 2147483647;
			files = (
				F4E25C9F1E9B186C006AFFC1 /* YuLeProjectTests.m in Sources */,
			);
			runOnlyForDeploymentPostprocessing = 0;
		};
		F4E25CA11E9B186C006AFFC1 /* Sources */ = {
			isa = PBXSourcesBuildPhase;
			buildActionMask = 2147483647;
			files = (
				F4E25CAA1E9B186C006AFFC1 /* YuLeProjectUITests.m in Sources */,
			);
			runOnlyForDeploymentPostprocessing = 0;
		};
/* End PBXSourcesBuildPhase section */

/* Begin PBXTargetDependency section */
		F4E25C9C1E9B186C006AFFC1 /* PBXTargetDependency */ = {
			isa = PBXTargetDependency;
			target = F4E25C801E9B186C006AFFC1 /* YuLeProject */;
			targetProxy = F4E25C9B1E9B186C006AFFC1 /* PBXContainerItemProxy */;
		};
		F4E25CA71E9B186C006AFFC1 /* PBXTargetDependency */ = {
			isa = PBXTargetDependency;
			target = F4E25C801E9B186C006AFFC1 /* YuLeProject */;
			targetProxy = F4E25CA61E9B186C006AFFC1 /* PBXContainerItemProxy */;
		};
/* End PBXTargetDependency section */

/* Begin PBXVariantGroup section */
		F4E25C8D1E9B186C006AFFC1 /* Main.storyboard */ = {
			isa = PBXVariantGroup;
			children = (
				F4E25C8E1E9B186C006AFFC1 /* Base */,
			);
			name = Main.storyboard;
			sourceTree = "<group>";
		};
		F4E25C921E9B186C006AFFC1 /* LaunchScreen.storyboard */ = {
			isa = PBXVariantGroup;
			children = (
				F4E25C931E9B186C006AFFC1 /* Base */,
			);
			name = LaunchScreen.storyboard;
			sourceTree = "<group>";
		};
/* End PBXVariantGroup section */

/* Begin XCBuildConfiguration section */
		F4E25CAC1E9B186C006AFFC1 /* Debug */ = {
			isa = XCBuildConfiguration;
			buildSettings = {
				ALWAYS_SEARCH_USER_PATHS = NO;
				CLANG_ANALYZER_NONNULL = YES;
				CLANG_ANALYZER_NUMBER_OBJECT_CONVERSION = YES_AGGRESSIVE;
				CLANG_CXX_LANGUAGE_STANDARD = "gnu++0x";
				CLANG_CXX_LIBRARY = "libc++";
				CLANG_ENABLE_MODULES = YES;
				CLANG_ENABLE_OBJC_ARC = YES;
				CLANG_WARN_BOOL_CONVERSION = YES;
				CLANG_WARN_CONSTANT_CONVERSION = YES;
				CLANG_WARN_DIRECT_OBJC_ISA_USAGE = YES_ERROR;
				CLANG_WARN_DOCUMENTATION_COMMENTS = YES;
				CLANG_WARN_EMPTY_BODY = YES;
				CLANG_WARN_ENUM_CONVERSION = YES;
				CLANG_WARN_INFINITE_RECURSION = YES;
				CLANG_WARN_INT_CONVERSION = YES;
				CLANG_WARN_OBJC_ROOT_CLASS = YES_ERROR;
				CLANG_WARN_SUSPICIOUS_MOVE = YES;
				CLANG_WARN_UNREACHABLE_CODE = YES;
				CLANG_WARN__DUPLICATE_METHOD_MATCH = YES;
				"CODE_SIGN_IDENTITY[sdk=iphoneos*]" = "iPhone Developer";
				COPY_PHASE_STRIP = NO;
				DEBUG_INFORMATION_FORMAT = dwarf;
				ENABLE_STRICT_OBJC_MSGSEND = YES;
				ENABLE_TESTABILITY = YES;
				GCC_C_LANGUAGE_STANDARD = gnu99;
				GCC_DYNAMIC_NO_PIC = NO;
				GCC_NO_COMMON_BLOCKS = YES;
				GCC_OPTIMIZATION_LEVEL = 0;
				GCC_PREPROCESSOR_DEFINITIONS = (
					"DEBUG=1",
					"$(inherited)",
				);
				GCC_WARN_64_TO_32_BIT_CONVERSION = YES;
				GCC_WARN_ABOUT_RETURN_TYPE = YES_ERROR;
				GCC_WARN_UNDECLARED_SELECTOR = YES;
				GCC_WARN_UNINITIALIZED_AUTOS = YES_AGGRESSIVE;
				GCC_WARN_UNUSED_FUNCTION = YES;
				GCC_WARN_UNUSED_VARIABLE = YES;
				IPHONEOS_DEPLOYMENT_TARGET = 10.3;
				MTL_ENABLE_DEBUG_INFO = YES;
				ONLY_ACTIVE_ARCH = YES;
				SDKROOT = iphoneos;
			};
			name = Debug;
		};
		F4E25CAD1E9B186C006AFFC1 /* Release */ = {
			isa = XCBuildConfiguration;
			buildSettings = {
				ALWAYS_SEARCH_USER_PATHS = NO;
				CLANG_ANALYZER_NONNULL = YES;
				CLANG_ANALYZER_NUMBER_OBJECT_CONVERSION = YES_AGGRESSIVE;
				CLANG_CXX_LANGUAGE_STANDARD = "gnu++0x";
				CLANG_CXX_LIBRARY = "libc++";
				CLANG_ENABLE_MODULES = YES;
				CLANG_ENABLE_OBJC_ARC = YES;
				CLANG_WARN_BOOL_CONVERSION = YES;
				CLANG_WARN_CONSTANT_CONVERSION = YES;
				CLANG_WARN_DIRECT_OBJC_ISA_USAGE = YES_ERROR;
				CLANG_WARN_DOCUMENTATION_COMMENTS = YES;
				CLANG_WARN_EMPTY_BODY = YES;
				CLANG_WARN_ENUM_CONVERSION = YES;
				CLANG_WARN_INFINITE_RECURSION = YES;
				CLANG_WARN_INT_CONVERSION = YES;
				CLANG_WARN_OBJC_ROOT_CLASS = YES_ERROR;
				CLANG_WARN_SUSPICIOUS_MOVE = YES;
				CLANG_WARN_UNREACHABLE_CODE = YES;
				CLANG_WARN__DUPLICATE_METHOD_MATCH = YES;
				"CODE_SIGN_IDENTITY[sdk=iphoneos*]" = "iPhone Developer";
				COPY_PHASE_STRIP = NO;
				DEBUG_INFORMATION_FORMAT = "dwarf-with-dsym";
				ENABLE_NS_ASSERTIONS = NO;
				ENABLE_STRICT_OBJC_MSGSEND = YES;
				GCC_C_LANGUAGE_STANDARD = gnu99;
				GCC_NO_COMMON_BLOCKS = YES;
				GCC_WARN_64_TO_32_BIT_CONVERSION = YES;
				GCC_WARN_ABOUT_RETURN_TYPE = YES_ERROR;
				GCC_WARN_UNDECLARED_SELECTOR = YES;
				GCC_WARN_UNINITIALIZED_AUTOS = YES_AGGRESSIVE;
				GCC_WARN_UNUSED_FUNCTION = YES;
				GCC_WARN_UNUSED_VARIABLE = YES;
				IPHONEOS_DEPLOYMENT_TARGET = 10.3;
				MTL_ENABLE_DEBUG_INFO = NO;
				SDKROOT = iphoneos;
				VALIDATE_PRODUCT = YES;
			};
			name = Release;
		};
		F4E25CAF1E9B186C006AFFC1 /* Debug */ = {
			isa = XCBuildConfiguration;
			buildSettings = {
				ASSETCATALOG_COMPILER_APPICON_NAME = AppIcon;
				DEVELOPMENT_TEAM = 59T78NTKCZ;
				INFOPLIST_FILE = YuLeProject/Info.plist;
				LD_RUNPATH_SEARCH_PATHS = "$(inherited) @executable_path/Frameworks";
				PRODUCT_BUNDLE_IDENTIFIER = liurundong.YuLeProject;
				PRODUCT_NAME = "$(TARGET_NAME)";
			};
			name = Debug;
		};
		F4E25CB01E9B186C006AFFC1 /* Release */ = {
			isa = XCBuildConfiguration;
			buildSettings = {
				ASSETCATALOG_COMPILER_APPICON_NAME = AppIcon;
				DEVELOPMENT_TEAM = 59T78NTKCZ;
				INFOPLIST_FILE = YuLeProject/Info.plist;
				LD_RUNPATH_SEARCH_PATHS = "$(inherited) @executable_path/Frameworks";
				PRODUCT_BUNDLE_IDENTIFIER = liurundong.YuLeProject;
				PRODUCT_NAME = "$(TARGET_NAME)";
			};
			name = Release;
		};
		F4E25CB21E9B186C006AFFC1 /* Debug */ = {
			isa = XCBuildConfiguration;
			buildSettings = {
				BUNDLE_LOADER = "$(TEST_HOST)";
				INFOPLIST_FILE = YuLeProjectTests/Info.plist;
				LD_RUNPATH_SEARCH_PATHS = "$(inherited) @executable_path/Frameworks @loader_path/Frameworks";
				PRODUCT_BUNDLE_IDENTIFIER = liurundong.YuLeProjectTests;
				PRODUCT_NAME = "$(TARGET_NAME)";
				TEST_HOST = "$(BUILT_PRODUCTS_DIR)/YuLeProject.app/YuLeProject";
			};
			name = Debug;
		};
		F4E25CB31E9B186C006AFFC1 /* Release */ = {
			isa = XCBuildConfiguration;
			buildSettings = {
				BUNDLE_LOADER = "$(TEST_HOST)";
				INFOPLIST_FILE = YuLeProjectTests/Info.plist;
				LD_RUNPATH_SEARCH_PATHS = "$(inherited) @executable_path/Frameworks @loader_path/Frameworks";
				PRODUCT_BUNDLE_IDENTIFIER = liurundong.YuLeProjectTests;
				PRODUCT_NAME = "$(TARGET_NAME)";
				TEST_HOST = "$(BUILT_PRODUCTS_DIR)/YuLeProject.app/YuLeProject";
			};
			name = Release;
		};
		F4E25CB51E9B186C006AFFC1 /* Debug */ = {
			isa = XCBuildConfiguration;
			buildSettings = {
				INFOPLIST_FILE = YuLeProjectUITests/Info.plist;
				LD_RUNPATH_SEARCH_PATHS = "$(inherited) @executable_path/Frameworks @loader_path/Frameworks";
				PRODUCT_BUNDLE_IDENTIFIER = liurundong.YuLeProjectUITests;
				PRODUCT_NAME = "$(TARGET_NAME)";
				TEST_TARGET_NAME = YuLeProject;
			};
			name = Debug;
		};
		F4E25CB61E9B186C006AFFC1 /* Release */ = {
			isa = XCBuildConfiguration;
			buildSettings = {
				INFOPLIST_FILE = YuLeProjectUITests/Info.plist;
				LD_RUNPATH_SEARCH_PATHS = "$(inherited) @executable_path/Frameworks @loader_path/Frameworks";
				PRODUCT_BUNDLE_IDENTIFIER = liurundong.YuLeProjectUITests;
				PRODUCT_NAME = "$(TARGET_NAME)";
				TEST_TARGET_NAME = YuLeProject;
			};
			name = Release;
		};
/* End XCBuildConfiguration section */

/* Begin XCConfigurationList section */
		F4E25C7C1E9B186C006AFFC1 /* Build configuration list for PBXProject "YuLeProject" */ = {
			isa = XCConfigurationList;
			buildConfigurations = (
				F4E25CAC1E9B186C006AFFC1 /* Debug */,
				F4E25CAD1E9B186C006AFFC1 /* Release */,
			);
			defaultConfigurationIsVisible = 0;
			defaultConfigurationName = Release;
		};
		F4E25CAE1E9B186C006AFFC1 /* Build configuration list for PBXNativeTarget "YuLeProject" */ = {
			isa = XCConfigurationList;
			buildConfigurations = (
				F4E25CAF1E9B186C006AFFC1 /* Debug */,
				F4E25CB01E9B186C006AFFC1 /* Release */,
			);
			defaultConfigurationIsVisible = 0;
		};
		F4E25CB11E9B186C006AFFC1 /* Build configuration list for PBXNativeTarget "YuLeProjectTests" */ = {
			isa = XCConfigurationList;
			buildConfigurations = (
				F4E25CB21E9B186C006AFFC1 /* Debug */,
				F4E25CB31E9B186C006AFFC1 /* Release */,
			);
			defaultConfigurationIsVisible = 0;
		};
		F4E25CB41E9B186C006AFFC1 /* Build configuration list for PBXNativeTarget "YuLeProjectUITests" */ = {
			isa = XCConfigurationList;
			buildConfigurations = (
				F4E25CB51E9B186C006AFFC1 /* Debug */,
				F4E25CB61E9B186C006AFFC1 /* Release */,
			);
			defaultConfigurationIsVisible = 0;
		};
/* End XCConfigurationList section */
	};
	rootObject = F4E25C791E9B186C006AFFC1 /* Project object */;
}
